
Microsoft Visual Studio Solution File, Format Version 12.00
# Visual Studio Version 18
VisualStudioVersion = 18.5.11801.241 oobstable
MinimumVisualStudioVersion = 10.0.40219.1
Project("{FAE04EC0-301F-11D3-BF4B-00C04F79EFBC}") = "InfoBookAlgebra", "InfoBookAlgebra\InfoBookAlgebra.csproj", "{933D0EAB-AC33-4E1A-88AB-4DFB16BF340D}"
EndProject
Project("{FAE04EC0-301F-11D3-BF4B-00C04F79EFBC}") = "InfoBookAlgebra.Core", "InfoBookAlgebra.Core\InfoBookAlgebra.Core.csproj", "{7EE97893-A874-4D8A-B039-E046A5A0E2FF}"
EndProject
Project("{FAE04EC0-301F-11D3-BF4B-00C04F79EFBC}") = "InfoBookAlgebra.Tests", "InfoBookAlgebra.Tests\InfoBookAlgebra.Tests.csproj", "{2663851E-1276-4AE3-840D-440C1AAF7764}"
EndProject
Project("{C7167F0D-BC9F-4E6E-AFE1-012C56B48DB5}") = "InfoBookAlgebra.Package", "InfoBookAlgebra.Package\InfoBookAlgebra.Package.wapproj", "{9813A1FA-BB40-4EAB-AE6E-27E9BC71DA4B}"
EndProject
Global
	GlobalSection(SolutionConfigurationPlatforms) = preSolution
		Debug|Any CPU = Debug|Any CPU
		Debug|ARM = Debug|ARM
		Debug|ARM64 = Debug|ARM64
		Debug|x64 = Debug|x64
		Debug|x86 = Debug|x86
		Release|Any CPU = Release|Any CPU
		Release|ARM = Release|ARM
		Release|ARM64 = Release|ARM64
		Release|x64 = Release|x64
		Release|x86 = Release|x86
	EndGlobalSection
	GlobalSection(ProjectConfigurationPlatforms) = postSolution
		{933D0EAB-AC33-4E1A-88AB-4DFB16BF340D}.Debug|Any CPU.ActiveCfg = Debug|Any CPU
		{933D0EAB-AC33-4E1A-88AB-4DFB16BF340D}.Debug|Any CPU.Build.0 = Debug|Any CPU
		{933D0EAB-AC33-4E1A-88AB-4DFB16BF340D}.Debug|ARM.ActiveCfg = Debug|Any CPU
		{933D0EAB-AC33-4E1A-88AB-4DFB16BF340D}.Debug|ARM.Build.0 = Debug|Any CPU
		{933D0EAB-AC33-4E1A-88AB-4DFB16BF340D}.Debug|ARM64.ActiveCfg = Debug|Any CPU
		{933D0EAB-AC33-4E1A-88AB-4DFB16BF340D}.Debug|ARM64.Build.0 = Debug|Any CPU
		{933D0EAB-AC33-4E1A-88AB-4DFB16BF340D}.Debug|x64.ActiveCfg = Debug|Any CPU
		{933D0EAB-AC33-4E1A-88AB-4DFB16BF340D}.Debug|x64.Build.0 = Debug|Any CPU
		{933D0EAB-AC33-4E1A-88AB-4DFB16BF340D}.Debug|x86.ActiveCfg = Debug|Any CPU
		{933D0EAB-AC33-4E1A-88AB-4DFB16BF340D}.Debug|x86.Build.0 = Debug|Any CPU
		{933D0EAB-AC33-4E1A-88AB-4DFB16BF340D}.Release|Any CPU.ActiveCfg = Release|Any CPU
		{933D0EAB-AC33-4E1A-88AB-4DFB16BF340D}.Release|Any CPU.Build.0 = Release|Any CPU
		{933D0EAB-AC33-4E1A-88AB-4DFB16BF340D}.Release|ARM.ActiveCfg = Release|Any CPU
		{933D0EAB-AC33-4E1A-88AB-4DFB16BF340D}.Release|ARM.Build.0 = Release|Any CPU
		{933D0EAB-AC33-4E1A-88AB-4DFB16BF340D}.Release|ARM64.ActiveCfg = Release|Any CPU
		{933D0EAB-AC33-4E1A-88AB-4DFB16BF340D}.Release|ARM64.Build.0 = Release|Any CPU
		{933D0EAB-AC33-4E1A-88AB-4DFB16BF340D}.Release|x64.ActiveCfg = Release|Any CPU
		{933D0EAB-AC33-4E1A-88AB-4DFB16BF340D}.Release|x64.Build.0 = Release|Any CPU
		{933D0EAB-AC33-4E1A-88AB-4DFB16BF340D}.Release|x86.ActiveCfg = Release|Any CPU
		{933D0EAB-AC33-4E1A-88AB-4DFB16BF340D}.Release|x86.Build.0 = Release|Any CPU
		{7EE97893-A874-4D8A-B039-E046A5A0E2FF}.Debug|Any CPU.ActiveCfg = Debug|Any CPU
		{7EE97893-A874-4D8A-B039-E046A5A0E2FF}.Debug|Any CPU.Build.0 = Debug|Any CPU
		{7EE97893-A874-4D8A-B039-E046A5A0E2FF}.Debug|ARM.ActiveCfg = Debug|Any CPU
		{7EE97893-A874-4D8A-B039-E046A5A0E2FF}.Debug|ARM.Build.0 = Debug|Any CPU
		{7EE97893-A874-4D8A-B039-E046A5A0E2FF}.Debug|ARM64.ActiveCfg = Debug|Any CPU
		{7EE97893-A874-4D8A-B039-E046A5A0E2FF}.Debug|ARM64.Build.0 = Debug|Any CPU
		{7EE97893-A874-4D8A-B039-E046A5A0E2FF}.Debug|x64.ActiveCfg = Debug|Any CPU
		{7EE97893-A874-4D8A-B039-E046A5A0E2FF}.Debug|x64.Build.0 = Debug|Any CPU
		{7EE97893-A874-4D8A-B039-E046A5A0E2FF}.Debug|x86.ActiveCfg = Debug|Any CPU
		{7EE97893-A874-4D8A-B039-E046A5A0E2FF}.Debug|x86.Build.0 = Debug|Any CPU
		{7EE97893-A874-4D8A-B039-E046A5A0E2FF}.Release|Any CPU.ActiveCfg = Release|Any CPU
		{7EE97893-A874-4D8A-B039-E046A5A0E2FF}.Release|Any CPU.Build.0 = Release|Any CPU
		{7EE97893-A874-4D8A-B039-E046A5A0E2FF}.Release|ARM.ActiveCfg = Release|Any CPU
		{7EE97893-A874-4D8A-B039-E046A5A0E2FF}.Release|ARM.Build.0 = Release|Any CPU
		{7EE97893-A874-4D8A-B039-E046A5A0E2FF}.Release|ARM64.ActiveCfg = Release|Any CPU
		{7EE97893-A874-4D8A-B039-E046A5A0E2FF}.Release|ARM64.Build.0 = Release|Any CPU
		{7EE97893-A874-4D8A-B039-E046A5A0E2FF}.Release|x64.ActiveCfg = Release|Any CPU
		{7EE97893-A874-4D8A-B039-E046A5A0E2FF}.Release|x64.Build.0 = Release|Any CPU
		{7EE97893-A874-4D8A-B039-E046A5A0E2FF}.Release|x86.ActiveCfg = Release|Any CPU
		{7EE97893-A874-4D8A-B039-E046A5A0E2FF}.Release|x86.Build.0 = Release|Any CPU
		{2663851E-1276-4AE3-840D-440C1AAF7764}.Debug|Any CPU.ActiveCfg = Debug|Any CPU
		{2663851E-1276-4AE3-840D-440C1AAF7764}.Debug|Any CPU.Build.0 = Debug|Any CPU
		{2663851E-1276-4AE3-840D-440C1AAF7764}.Debug|ARM.ActiveCfg = Debug|Any CPU
		{2663851E-1276-4AE3-840D-440C1AAF7764}.Debug|ARM.Build.0 = Debug|Any CPU
		{2663851E-1276-4AE3-840D-440C1AAF7764}.Debug|ARM64.ActiveCfg = Debug|Any CPU
		{2663851E-1276-4AE3-840D-440C1AAF7764}.Debug|ARM64.Build.0 = Debug|Any CPU
		{2663851E-1276-4AE3-840D-440C1AAF7764}.Debug|x64.ActiveCfg = Debug|Any CPU
		{2663851E-1276-4AE3-840D-440C1AAF7764}.Debug|x64.Build.0 = Debug|Any CPU
		{2663851E-1276-4AE3-840D-440C1AAF7764}.Debug|x86.ActiveCfg = Debug|Any CPU
		{2663851E-1276-4AE3-840D-440C1AAF7764}.Debug|x86.Build.0 = Debug|Any CPU
		{2663851E-1276-4AE3-840D-440C1AAF7764}.Release|Any CPU.ActiveCfg = Release|Any CPU
		{2663851E-1276-4AE3-840D-440C1AAF7764}.Release|Any CPU.Build.0 = Release|Any CPU
		{2663851E-1276-4AE3-840D-440C1AAF7764}.Release|ARM.ActiveCfg = Release|Any CPU
		{2663851E-1276-4AE3-840D-440C1AAF7764}.Release|ARM.Build.0 = Release|Any CPU
		{2663851E-1276-4AE3-840D-440C1AAF7764}.Release|ARM64.ActiveCfg = Release|Any CPU
		{2663851E-1276-4AE3-840D-440C1AAF7764}.Release|ARM64.Build.0 = Release|Any CPU
		{2663851E-1276-4AE3-840D-440C1AAF7764}.Release|x64.ActiveCfg = Release|Any CPU
		{2663851E-1276-4AE3-840D-440C1AAF7764}.Release|x64.Build.0 = Release|Any CPU
		{2663851E-1276-4AE3-840D-440C1AAF7764}.Release|x86.ActiveCfg = Release|Any CPU
		{2663851E-1276-4AE3-840D-440C1AAF7764}.Release|x86.Build.0 = Release|Any CPU
		{9813A1FA-BB40-4EAB-AE6E-27E9BC71DA4B}.Debug|Any CPU.ActiveCfg = Debug|Any CPU
		{9813A1FA-BB40-4EAB-AE6E-27E9BC71DA4B}.Debug|Any CPU.Build.0 = Debug|Any CPU
		{9813A1FA-BB40-4EAB-AE6E-27E9BC71DA4B}.Debug|Any CPU.Deploy.0 = Debug|Any CPU
		{9813A1FA-BB40-4EAB-AE6E-27E9BC71DA4B}.Debug|ARM.ActiveCfg = Debug|ARM
		{9813A1FA-BB40-4EAB-AE6E-27E9BC71DA4B}.Debug|ARM.Build.0 = Debug|ARM
		{9813A1FA-BB40-4EAB-AE6E-27E9BC71DA4B}.Debug|ARM.Deploy.0 = Debug|ARM
		{9813A1FA-BB40-4EAB-AE6E-27E9BC71DA4B}.Debug|ARM64.ActiveCfg = Debug|ARM64
		{9813A1FA-BB40-4EAB-AE6E-27E9BC71DA4B}.Debug|ARM64.Build.0 = Debug|ARM64
		{9813A1FA-BB40-4EAB-AE6E-27E9BC71DA4B}.Debug|ARM64.Deploy.0 = Debug|ARM64
		{9813A1FA-BB40-4EAB-AE6E-27E9BC71DA4B}.Debug|x64.ActiveCfg = Debug|x64
		{9813A1FA-BB40-4EAB-AE6E-27E9BC71DA4B}.Debug|x64.Build.0 = Debug|x64
		{9813A1FA-BB40-4EAB-AE6E-27E9BC71DA4B}.Debug|x64.Deploy.0 = Debug|x64
		{9813A1FA-BB40-4EAB-AE6E-27E9BC71DA4B}.Debug|x86.ActiveCfg = Debug|x86
		{9813A1FA-BB40-4EAB-AE6E-27E9BC71DA4B}.Debug|x86.Build.0 = Debug|x86
		{9813A1FA-BB40-4EAB-AE6E-27E9BC71DA4B}.Debug|x86.Deploy.0 = Debug|x86
		{9813A1FA-BB40-4EAB-AE6E-27E9BC71DA4B}.Release|Any CPU.ActiveCfg = Release|Any CPU
		{9813A1FA-BB40-4EAB-AE6E-27E9BC71DA4B}.Release|Any CPU.Build.0 = Release|Any CPU
		{9813A1FA-BB40-4EAB-AE6E-27E9BC71DA4B}.Release|Any CPU.Deploy.0 = Release|Any CPU
		{9813A1FA-BB40-4EAB-AE6E-27E9BC71DA4B}.Release|ARM.ActiveCfg = Release|ARM
		{9813A1FA-BB40-4EAB-AE6E-27E9BC71DA4B}.Release|ARM.Build.0 = Release|ARM
		{9813A1FA-BB40-4EAB-AE6E-27E9BC71DA4B}.Release|ARM.Deploy.0 = Release|ARM
		{9813A1FA-BB40-4EAB-AE6E-27E9BC71DA4B}.Release|ARM64.ActiveCfg = Release|ARM64
		{9813A1FA-BB40-4EAB-AE6E-27E9BC71DA4B}.Release|ARM64.Build.0 = Release|ARM64
		{9813A1FA-BB40-4EAB-AE6E-27E9BC71DA4B}.Release|ARM64.Deploy.0 = Release|ARM64
		{9813A1FA-BB40-4EAB-AE6E-27E9BC71DA4B}.Release|x64.ActiveCfg = Release|x64
		{9813A1FA-BB40-4EAB-AE6E-27E9BC71DA4B}.Release|x64.Build.0 = Release|x64
		{9813A1FA-BB40-4EAB-AE6E-27E9BC71DA4B}.Release|x64.Deploy.0 = Release|x64
		{9813A1FA-BB40-4EAB-AE6E-27E9BC71DA4B}.Release|x86.ActiveCfg = Release|x86
		{9813A1FA-BB40-4EAB-AE6E-27E9BC71DA4B}.Release|x86.Build.0 = Release|x86
		{9813A1FA-BB40-4EAB-AE6E-27E9BC71DA4B}.Release|x86.Deploy.0 = Release|x86
	EndGlobalSection
	GlobalSection(SolutionProperties) = preSolution
		HideSolutionNode = FALSE
	EndGlobalSection
	GlobalSection(ExtensibilityGlobals) = postSolution
		SolutionGuid = {2EAE9386-5B30-4E7A-A588-057F90CE060E}
	EndGlobalSection
EndGlobal
